
Microsoft Visual Studio Solution File, Format Version 12.00
# Visual Studio Version 16
VisualStudioVersion = 16.0.30011.22
MinimumVisualStudioVersion = 10.0.40219.1
Project("{FAE04EC0-301F-11D3-BF4B-00C04F79EFBC}") = "AlgoritmoDijkstra", "AlgoritmoDijkstra.csproj", "{88E19C9C-9672-4276-A235-B2A65349DEA7}"
EndProject
Global
	GlobalSection(SolutionConfigurationPlatforms) = preSolution
		Debug|Any CPU = Debug|Any CPU
		Release|Any CPU = Release|Any CPU
	EndGlobalSection
	GlobalSection(ProjectConfigurationPlatforms) = postSolution
		{88E19C9C-9672-4276-A235-B2A65349DEA7}.Debug|Any CPU.ActiveCfg = Debug|Any CPU
		{88E19C9C-9672-4276-A235-B2A65349DEA7}.Debug|Any CPU.Build.0 = Debug|Any CPU
		{88E19C9C-9672-4276-A235-B2A65349DEA7}.Release|Any CPU.ActiveCfg = Release|Any CPU
		{88E19C9C-9672-4276-A235-B2A65349DEA7}.Release|Any CPU.Build.0 = Release|Any CPU
	EndGlobalSection
	GlobalSection(SolutionProperties) = preSolution
		HideSolutionNode = FALSE
	EndGlobalSection
	GlobalSection(ExtensibilityGlobals) = postSolution
		SolutionGuid = {BAEE5509-5F15-441D-BC19-84EBCCFAE9BC}
	EndGlobalSection
EndGlobal
